
Microsoft Visual Studio Solution File, Format Version 12.00
# Visual Studio Version 17
VisualStudioVersion = 17.7.34003.232
MinimumVisualStudioVersion = 10.0.40219.1
Project("{FAE04EC0-301F-11D3-BF4B-00C04F79EFBC}") = "Tabuada_de_Cada_Numero", "Tabuada_de_Cada_Numero\Tabuada_de_Cada_Numero.csproj", "{8B0B71AC-A804-4032-B0C9-04C44CA9ACFE}"
EndProject
Global
	GlobalSection(SolutionConfigurationPlatforms) = preSolution
		Debug|Any CPU = Debug|Any CPU
		Release|Any CPU = Release|Any CPU
	EndGlobalSection
	GlobalSection(ProjectConfigurationPlatforms) = postSolution
		{8B0B71AC-A804-4032-B0C9-04C44CA9ACFE}.Debug|Any CPU.ActiveCfg = Debug|Any CPU
		{8B0B71AC-A804-4032-B0C9-04C44CA9ACFE}.Debug|Any CPU.Build.0 = Debug|Any CPU
		{8B0B71AC-A804-4032-B0C9-04C44CA9ACFE}.Release|Any CPU.ActiveCfg = Release|Any CPU
		{8B0B71AC-A804-4032-B0C9-04C44CA9ACFE}.Release|Any CPU.Build.0 = Release|Any CPU
	EndGlobalSection
	GlobalSection(SolutionProperties) = preSolution
		HideSolutionNode = FALSE
	EndGlobalSection
	GlobalSection(ExtensibilityGlobals) = postSolution
		SolutionGuid = {B36BBC77-DDFE-4F79-A3E7-6A030FF255D5}
	EndGlobalSection
EndGlobal
